// !$*UTF8*$!
{
	archiveVersion = 1;
	classes = {
	};
	objectVersion = 46;
	objects = {

/* Begin PBXBuildFile section */
		229CEE3D1D21910C00D26904 /* BattleBotsCocoa.h in Headers */ = {isa = PBXBuildFile; fileRef = 229CEE3C1D21910C00D26904 /* BattleBotsCocoa.h */; settings = {ATTRIBUTES = (Public, ); }; };
		229CEE441D21910C00D26904 /* BattleBotsCocoa.framework in Frameworks */ = {isa = PBXBuildFile; fileRef = 229CEE3A1D21910C00D26904 /* BattleBotsCocoa.framework */; };
		229CEE491D21910C00D26904 /* BattleBotsCocoaTests.swift in Sources */ = {isa = PBXBuildFile; fileRef = 229CEE481D21910C00D26904 /* BattleBotsCocoaTests.swift */; };
		229CEE651D21914800D26904 /* BattleBotsCocoaTouch.h in Headers */ = {isa = PBXBuildFile; fileRef = 229CEE641D21914800D26904 /* BattleBotsCocoaTouch.h */; settings = {ATTRIBUTES = (Public, ); }; };
		229CEE6C1D21914800D26904 /* BattleBotsCocoaTouch.framework in Frameworks */ = {isa = PBXBuildFile; fileRef = 229CEE621D21914800D26904 /* BattleBotsCocoaTouch.framework */; };
		229CEE711D21914800D26904 /* BattleBotsCocoaTouchTests.swift in Sources */ = {isa = PBXBuildFile; fileRef = 229CEE701D21914800D26904 /* BattleBotsCocoaTouchTests.swift */; };
		229CEE801D21938C00D26904 /* BattleBots.swift in Sources */ = {isa = PBXBuildFile; fileRef = 229CEE7F1D21938C00D26904 /* BattleBots.swift */; };
		229CEE811D21939600D26904 /* BattleBots.swift in Sources */ = {isa = PBXBuildFile; fileRef = 229CEE7F1D21938C00D26904 /* BattleBots.swift */; };
/* End PBXBuildFile section */

/* Begin PBXContainerItemProxy section */
		229CEE451D21910C00D26904 /* PBXContainerItemProxy */ = {
			isa = PBXContainerItemProxy;
			containerPortal = 229CEDE11D218DF800D26904 /* Project object */;
			proxyType = 1;
			remoteGlobalIDString = 229CEE391D21910C00D26904;
			remoteInfo = BattleBotsCocoa;
		};
		229CEE6D1D21914800D26904 /* PBXContainerItemProxy */ = {
			isa = PBXContainerItemProxy;
			containerPortal = 229CEDE11D218DF800D26904 /* Project object */;
			proxyType = 1;
			remoteGlobalIDString = 229CEE611D21914800D26904;
			remoteInfo = BattleBotsCocoaTouch;
		};
/* End PBXContainerItemProxy section */

/* Begin PBXFileReference section */
		229CEE3A1D21910C00D26904 /* BattleBotsCocoa.framework */ = {isa = PBXFileReference; explicitFileType = wrapper.framework; includeInIndex = 0; path = BattleBotsCocoa.framework; sourceTree = BUILT_PRODUCTS_DIR; };
		229CEE3C1D21910C00D26904 /* BattleBotsCocoa.h */ = {isa = PBXFileReference; lastKnownFileType = sourcecode.c.h; path = BattleBotsCocoa.h; sourceTree = "<group>"; };
		229CEE3E1D21910C00D26904 /* Info.plist */ = {isa = PBXFileReference; lastKnownFileType = text.plist.xml; path = Info.plist; sourceTree = "<group>"; };
		229CEE431D21910C00D26904 /* BattleBotsCocoaTests.xctest */ = {isa = PBXFileReference; explicitFileType = wrapper.cfbundle; includeInIndex = 0; path = BattleBotsCocoaTests.xctest; sourceTree = BUILT_PRODUCTS_DIR; };
		229CEE481D21910C00D26904 /* BattleBotsCocoaTests.swift */ = {isa = PBXFileReference; lastKnownFileType = sourcecode.swift; path = BattleBotsCocoaTests.swift; sourceTree = "<group>"; };
		229CEE4A1D21910C00D26904 /* Info.plist */ = {isa = PBXFileReference; lastKnownFileType = text.plist.xml; path = Info.plist; sourceTree = "<group>"; };
		229CEE621D21914800D26904 /* BattleBotsCocoaTouch.framework */ = {isa = PBXFileReference; explicitFileType = wrapper.framework; includeInIndex = 0; path = BattleBotsCocoaTouch.framework; sourceTree = BUILT_PRODUCTS_DIR; };
		229CEE641D21914800D26904 /* BattleBotsCocoaTouch.h */ = {isa = PBXFileReference; lastKnownFileType = sourcecode.c.h; path = BattleBotsCocoaTouch.h; sourceTree = "<group>"; };
		229CEE661D21914800D26904 /* Info.plist */ = {isa = PBXFileReference; lastKnownFileType = text.plist.xml; path = Info.plist; sourceTree = "<group>"; };
		229CEE6B1D21914800D26904 /* BattleBotsCocoaTouchTests.xctest */ = {isa = PBXFileReference; explicitFileType = wrapper.cfbundle; includeInIndex = 0; path = BattleBotsCocoaTouchTests.xctest; sourceTree = BUILT_PRODUCTS_DIR; };
		229CEE701D21914800D26904 /* BattleBotsCocoaTouchTests.swift */ = {isa = PBXFileReference; lastKnownFileType = sourcecode.swift; path = BattleBotsCocoaTouchTests.swift; sourceTree = "<group>"; };
		229CEE721D21914800D26904 /* Info.plist */ = {isa = PBXFileReference; lastKnownFileType = text.plist.xml; path = Info.plist; sourceTree = "<group>"; };
		229CEE7F1D21938C00D26904 /* BattleBots.swift */ = {isa = PBXFileReference; fileEncoding = 4; lastKnownFileType = sourcecode.swift; path = BattleBots.swift; sourceTree = "<group>"; };
/* End PBXFileReference section */

/* Begin PBXFrameworksBuildPhase section */
		229CEE361D21910C00D26904 /* Frameworks */ = {
			isa = PBXFrameworksBuildPhase;
			buildActionMask = 2147483647;
			files = (
			);
			runOnlyForDeploymentPostprocessing = 0;
		};
		229CEE401D21910C00D26904 /* Frameworks */ = {
			isa = PBXFrameworksBuildPhase;
			buildActionMask = 2147483647;
			files = (
				229CEE441D21910C00D26904 /* BattleBotsCocoa.framework in Frameworks */,
			);
			runOnlyForDeploymentPostprocessing = 0;
		};
		229CEE5E1D21914800D26904 /* Frameworks */ = {
			isa = PBXFrameworksBuildPhase;
			buildActionMask = 2147483647;
			files = (
			);
			runOnlyForDeploymentPostprocessing = 0;
		};
		229CEE681D21914800D26904 /* Frameworks */ = {
			isa = PBXFrameworksBuildPhase;
			buildActionMask = 2147483647;
			files = (
				229CEE6C1D21914800D26904 /* BattleBotsCocoaTouch.framework in Frameworks */,
			);
			runOnlyForDeploymentPostprocessing = 0;
		};
/* End PBXFrameworksBuildPhase section */

/* Begin PBXGroup section */
		229CEDE01D218DF800D26904 = {
			isa = PBXGroup;
			children = (
				229CEE7F1D21938C00D26904 /* BattleBots.swift */,
				229CEE3B1D21910C00D26904 /* BattleBotsCocoa */,
				229CEE471D21910C00D26904 /* BattleBotsCocoaTests */,
				229CEE631D21914800D26904 /* BattleBotsCocoaTouch */,
				229CEE6F1D21914800D26904 /* BattleBotsCocoaTouchTests */,
				229CEDEB1D218DF800D26904 /* Products */,
			);
			sourceTree = "<group>";
		};
		229CEDEB1D218DF800D26904 /* Products */ = {
			isa = PBXGroup;
			children = (
				229CEE3A1D21910C00D26904 /* BattleBotsCocoa.framework */,
				229CEE431D21910C00D26904 /* BattleBotsCocoaTests.xctest */,
				229CEE621D21914800D26904 /* BattleBotsCocoaTouch.framework */,
				229CEE6B1D21914800D26904 /* BattleBotsCocoaTouchTests.xctest */,
			);
			name = Products;
			sourceTree = "<group>";
		};
		229CEE3B1D21910C00D26904 /* BattleBotsCocoa */ = {
			isa = PBXGroup;
			children = (
				229CEE3C1D21910C00D26904 /* BattleBotsCocoa.h */,
				229CEE3E1D21910C00D26904 /* Info.plist */,
			);
			path = BattleBotsCocoa;
			sourceTree = "<group>";
		};
		229CEE471D21910C00D26904 /* BattleBotsCocoaTests */ = {
			isa = PBXGroup;
			children = (
				229CEE481D21910C00D26904 /* BattleBotsCocoaTests.swift */,
				229CEE4A1D21910C00D26904 /* Info.plist */,
			);
			path = BattleBotsCocoaTests;
			sourceTree = "<group>";
		};
		229CEE631D21914800D26904 /* BattleBotsCocoaTouch */ = {
			isa = PBXGroup;
			children = (
				229CEE641D21914800D26904 /* BattleBotsCocoaTouch.h */,
				229CEE661D21914800D26904 /* Info.plist */,
			);
			path = BattleBotsCocoaTouch;
			sourceTree = "<group>";
		};
		229CEE6F1D21914800D26904 /* BattleBotsCocoaTouchTests */ = {
			isa = PBXGroup;
			children = (
				229CEE701D21914800D26904 /* BattleBotsCocoaTouchTests.swift */,
				229CEE721D21914800D26904 /* Info.plist */,
			);
			path = BattleBotsCocoaTouchTests;
			sourceTree = "<group>";
		};
/* End PBXGroup section */

/* Begin PBXHeadersBuildPhase section */
		229CEE371D21910C00D26904 /* Headers */ = {
			isa = PBXHeadersBuildPhase;
			buildActionMask = 2147483647;
			files = (
				229CEE3D1D21910C00D26904 /* BattleBotsCocoa.h in Headers */,
			);
			runOnlyForDeploymentPostprocessing = 0;
		};
		229CEE5F1D21914800D26904 /* Headers */ = {
			isa = PBXHeadersBuildPhase;
			buildActionMask = 2147483647;
			files = (
				229CEE651D21914800D26904 /* BattleBotsCocoaTouch.h in Headers */,
			);
			runOnlyForDeploymentPostprocessing = 0;
		};
/* End PBXHeadersBuildPhase section */

/* Begin PBXNativeTarget section */
		229CEE391D21910C00D26904 /* BattleBotsCocoa */ = {
			isa = PBXNativeTarget;
			buildConfigurationList = 229CEE4B1D21910C00D26904 /* Build configuration list for PBXNativeTarget "BattleBotsCocoa" */;
			buildPhases = (
				229CEE351D21910C00D26904 /* Sources */,
				229CEE361D21910C00D26904 /* Frameworks */,
				229CEE371D21910C00D26904 /* Headers */,
				229CEE381D21910C00D26904 /* Resources */,
			);
			buildRules = (
			);
			dependencies = (
			);
			name = BattleBotsCocoa;
			productName = BattleBotsCocoa;
			productReference = 229CEE3A1D21910C00D26904 /* BattleBotsCocoa.framework */;
			productType = "com.apple.product-type.framework";
		};
		229CEE421D21910C00D26904 /* BattleBotsCocoaTests */ = {
			isa = PBXNativeTarget;
			buildConfigurationList = 229CEE4E1D21910C00D26904 /* Build configuration list for PBXNativeTarget "BattleBotsCocoaTests" */;
			buildPhases = (
				229CEE3F1D21910C00D26904 /* Sources */,
				229CEE401D21910C00D26904 /* Frameworks */,
				229CEE411D21910C00D26904 /* Resources */,
			);
			buildRules = (
			);
			dependencies = (
				229CEE461D21910C00D26904 /* PBXTargetDependency */,
			);
			name = BattleBotsCocoaTests;
			productName = BattleBotsCocoaTests;
			productReference = 229CEE431D21910C00D26904 /* BattleBotsCocoaTests.xctest */;
			productType = "com.apple.product-type.bundle.unit-test";
		};
		229CEE611D21914800D26904 /* BattleBotsCocoaTouch */ = {
			isa = PBXNativeTarget;
			buildConfigurationList = 229CEE731D21914800D26904 /* Build configuration list for PBXNativeTarget "BattleBotsCocoaTouch" */;
			buildPhases = (
				229CEE5D1D21914800D26904 /* Sources */,
				229CEE5E1D21914800D26904 /* Frameworks */,
				229CEE5F1D21914800D26904 /* Headers */,
				229CEE601D21914800D26904 /* Resources */,
			);
			buildRules = (
			);
			dependencies = (
			);
			name = BattleBotsCocoaTouch;
			productName = BattleBotsCocoaTouch;
			productReference = 229CEE621D21914800D26904 /* BattleBotsCocoaTouch.framework */;
			productType = "com.apple.product-type.framework";
		};
		229CEE6A1D21914800D26904 /* BattleBotsCocoaTouchTests */ = {
			isa = PBXNativeTarget;
			buildConfigurationList = 229CEE761D21914800D26904 /* Build configuration list for PBXNativeTarget "BattleBotsCocoaTouchTests" */;
			buildPhases = (
				229CEE671D21914800D26904 /* Sources */,
				229CEE681D21914800D26904 /* Frameworks */,
				229CEE691D21914800D26904 /* Resources */,
			);
			buildRules = (
			);
			dependencies = (
				229CEE6E1D21914800D26904 /* PBXTargetDependency */,
			);
			name = BattleBotsCocoaTouchTests;
			productName = BattleBotsCocoaTouchTests;
			productReference = 229CEE6B1D21914800D26904 /* BattleBotsCocoaTouchTests.xctest */;
			productType = "com.apple.product-type.bundle.unit-test";
		};
/* End PBXNativeTarget section */

/* Begin PBXProject section */
		229CEDE11D218DF800D26904 /* Project object */ = {
			isa = PBXProject;
			attributes = {
				LastSwiftUpdateCheck = 0800;
				LastUpgradeCheck = 0800;
				ORGANIZATIONNAME = WillowTree;
				TargetAttributes = {
					229CEE391D21910C00D26904 = {
						CreatedOnToolsVersion = 8.0;
						DevelopmentTeam = J5DZUJM8FC;
						DevelopmentTeamName = "Andrew Carter";
						LastSwiftMigration = 0800;
						ProvisioningStyle = Automatic;
					};
					229CEE421D21910C00D26904 = {
						CreatedOnToolsVersion = 8.0;
						DevelopmentTeam = J5DZUJM8FC;
						DevelopmentTeamName = "Andrew Carter";
						ProvisioningStyle = Automatic;
					};
					229CEE611D21914800D26904 = {
						CreatedOnToolsVersion = 8.0;
						DevelopmentTeam = J5DZUJM8FC;
						DevelopmentTeamName = "Andrew Carter";
						ProvisioningStyle = Automatic;
					};
					229CEE6A1D21914800D26904 = {
						CreatedOnToolsVersion = 8.0;
						DevelopmentTeam = J5DZUJM8FC;
						DevelopmentTeamName = "Andrew Carter";
						ProvisioningStyle = Automatic;
					};
				};
			};
			buildConfigurationList = 229CEDE41D218DF800D26904 /* Build configuration list for PBXProject "BattleBots" */;
			compatibilityVersion = "Xcode 3.2";
			developmentRegion = English;
			hasScannedForEncodings = 0;
			knownRegions = (
				en,
			);
			mainGroup = 229CEDE01D218DF800D26904;
			productRefGroup = 229CEDEB1D218DF800D26904 /* Products */;
			projectDirPath = "";
			projectRoot = "";
			targets = (
				229CEE391D21910C00D26904 /* BattleBotsCocoa */,
				229CEE421D21910C00D26904 /* BattleBotsCocoaTests */,
				229CEE611D21914800D26904 /* BattleBotsCocoaTouch */,
				229CEE6A1D21914800D26904 /* BattleBotsCocoaTouchTests */,
			);
		};
/* End PBXProject section */

/* Begin PBXResourcesBuildPhase section */
		229CEE381D21910C00D26904 /* Resources */ = {
			isa = PBXResourcesBuildPhase;
			buildActionMask = 2147483647;
			files = (
			);
			runOnlyForDeploymentPostprocessing = 0;
		};
		229CEE411D21910C00D26904 /* Resources */ = {
			isa = PBXResourcesBuildPhase;
			buildActionMask = 2147483647;
			files = (
			);
			runOnlyForDeploymentPostprocessing = 0;
		};
		229CEE601D21914800D26904 /* Resources */ = {
			isa = PBXResourcesBuildPhase;
			buildActionMask = 2147483647;
			files = (
			);
			runOnlyForDeploymentPostprocessing = 0;
		};
		229CEE691D21914800D26904 /* Resources */ = {
			isa = PBXResourcesBuildPhase;
			buildActionMask = 2147483647;
			files = (
			);
			runOnlyForDeploymentPostprocessing = 0;
		};
/* End PBXResourcesBuildPhase section */

/* Begin PBXSourcesBuildPhase section */
		229CEE351D21910C00D26904 /* Sources */ = {
			isa = PBXSourcesBuildPhase;
			buildActionMask = 2147483647;
			files = (
				229CEE801D21938C00D26904 /* BattleBots.swift in Sources */,
			);
			runOnlyForDeploymentPostprocessing = 0;
		};
		229CEE3F1D21910C00D26904 /* Sources */ = {
			isa = PBXSourcesBuildPhase;
			buildActionMask = 2147483647;
			files = (
				229CEE491D21910C00D26904 /* BattleBotsCocoaTests.swift in Sources */,
			);
			runOnlyForDeploymentPostprocessing = 0;
		};
		229CEE5D1D21914800D26904 /* Sources */ = {
			isa = PBXSourcesBuildPhase;
			buildActionMask = 2147483647;
			files = (
				229CEE811D21939600D26904 /* BattleBots.swift in Sources */,
			);
			runOnlyForDeploymentPostprocessing = 0;
		};
		229CEE671D21914800D26904 /* Sources */ = {
			isa = PBXSourcesBuildPhase;
			buildActionMask = 2147483647;
			files = (
				229CEE711D21914800D26904 /* BattleBotsCocoaTouchTests.swift in Sources */,
			);
			runOnlyForDeploymentPostprocessing = 0;
		};
/* End PBXSourcesBuildPhase section */

/* Begin PBXTargetDependency section */
		229CEE461D21910C00D26904 /* PBXTargetDependency */ = {
			isa = PBXTargetDependency;
			target = 229CEE391D21910C00D26904 /* BattleBotsCocoa */;
			targetProxy = 229CEE451D21910C00D26904 /* PBXContainerItemProxy */;
		};
		229CEE6E1D21914800D26904 /* PBXTargetDependency */ = {
			isa = PBXTargetDependency;
			target = 229CEE611D21914800D26904 /* BattleBotsCocoaTouch */;
			targetProxy = 229CEE6D1D21914800D26904 /* PBXContainerItemProxy */;
		};
/* End PBXTargetDependency section */

/* Begin XCBuildConfiguration section */
		229CEDFC1D218DF900D26904 /* Debug */ = {
			isa = XCBuildConfiguration;
			buildSettings = {
				ALWAYS_SEARCH_USER_PATHS = NO;
				CLANG_ANALYZER_NONNULL = YES;
				CLANG_CXX_LANGUAGE_STANDARD = "gnu++0x";
				CLANG_CXX_LIBRARY = "libc++";
				CLANG_ENABLE_MODULES = YES;
				CLANG_ENABLE_OBJC_ARC = YES;
				CLANG_WARN_BOOL_CONVERSION = YES;
				CLANG_WARN_CONSTANT_CONVERSION = YES;
				CLANG_WARN_DIRECT_OBJC_ISA_USAGE = YES_ERROR;
				CLANG_WARN_DOCUMENTATION_COMMENTS = YES;
				CLANG_WARN_EMPTY_BODY = YES;
				CLANG_WARN_ENUM_CONVERSION = YES;
				CLANG_WARN_INT_CONVERSION = YES;
				CLANG_WARN_OBJC_ROOT_CLASS = YES_ERROR;
				CLANG_WARN_UNREACHABLE_CODE = YES;
				CLANG_WARN__DUPLICATE_METHOD_MATCH = YES;
				"CODE_SIGN_IDENTITY[sdk=iphoneos*]" = "iPhone Developer";
				COPY_PHASE_STRIP = NO;
				CURRENT_PROJECT_VERSION = 1;
				DEBUG_INFORMATION_FORMAT = dwarf;
				ENABLE_STRICT_OBJC_MSGSEND = YES;
				ENABLE_TESTABILITY = YES;
				GCC_C_LANGUAGE_STANDARD = gnu99;
				GCC_DYNAMIC_NO_PIC = NO;
				GCC_NO_COMMON_BLOCKS = YES;
				GCC_OPTIMIZATION_LEVEL = 0;
				GCC_PREPROCESSOR_DEFINITIONS = (
					"DEBUG=1",
					"$(inherited)",
				);
				GCC_WARN_64_TO_32_BIT_CONVERSION = YES;
				GCC_WARN_ABOUT_RETURN_TYPE = YES_ERROR;
				GCC_WARN_UNDECLARED_SELECTOR = YES;
				GCC_WARN_UNINITIALIZED_AUTOS = YES_AGGRESSIVE;
				GCC_WARN_UNUSED_FUNCTION = YES;
				GCC_WARN_UNUSED_VARIABLE = YES;
				IPHONEOS_DEPLOYMENT_TARGET = 10.0;
				MTL_ENABLE_DEBUG_INFO = YES;
				ONLY_ACTIVE_ARCH = YES;
				SDKROOT = iphoneos;
				SWIFT_ACTIVE_COMPILATION_CONDITIONS = DEBUG;
				SWIFT_OPTIMIZATION_LEVEL = "-Onone";
				TARGETED_DEVICE_FAMILY = "1,2";
				VERSIONING_SYSTEM = "apple-generic";
				VERSION_INFO_PREFIX = "";
			};
			name = Debug;
		};
		229CEDFD1D218DF900D26904 /* Release */ = {
			isa = XCBuildConfiguration;
			buildSettings = {
				ALWAYS_SEARCH_USER_PATHS = NO;
				CLANG_ANALYZER_NONNULL = YES;
				CLANG_CXX_LANGUAGE_STANDARD = "gnu++0x";
				CLANG_CXX_LIBRARY = "libc++";
				CLANG_ENABLE_MODULES = YES;
				CLANG_ENABLE_OBJC_ARC = YES;
				CLANG_WARN_BOOL_CONVERSION = YES;
				CLANG_WARN_CONSTANT_CONVERSION = YES;
				CLANG_WARN_DIRECT_OBJC_ISA_USAGE = YES_ERROR;
				CLANG_WARN_DOCUMENTATION_COMMENTS = YES;
				CLANG_WARN_EMPTY_BODY = YES;
				CLANG_WARN_ENUM_CONVERSION = YES;
				CLANG_WARN_INT_CONVERSION = YES;
				CLANG_WARN_OBJC_ROOT_CLASS = YES_ERROR;
				CLANG_WARN_UNREACHABLE_CODE = YES;
				CLANG_WARN__DUPLICATE_METHOD_MATCH = YES;
				"CODE_SIGN_IDENTITY[sdk=iphoneos*]" = "iPhone Developer";
				COPY_PHASE_STRIP = NO;
				CURRENT_PROJECT_VERSION = 1;
				DEBUG_INFORMATION_FORMAT = "dwarf-with-dsym";
				ENABLE_NS_ASSERTIONS = NO;
				ENABLE_STRICT_OBJC_MSGSEND = YES;
				GCC_C_LANGUAGE_STANDARD = gnu99;
				GCC_NO_COMMON_BLOCKS = YES;
				GCC_WARN_64_TO_32_BIT_CONVERSION = YES;
				GCC_WARN_ABOUT_RETURN_TYPE = YES_ERROR;
				GCC_WARN_UNDECLARED_SELECTOR = YES;
				GCC_WARN_UNINITIALIZED_AUTOS = YES_AGGRESSIVE;
				GCC_WARN_UNUSED_FUNCTION = YES;
				GCC_WARN_UNUSED_VARIABLE = YES;
				IPHONEOS_DEPLOYMENT_TARGET = 10.0;
				MTL_ENABLE_DEBUG_INFO = NO;
				SDKROOT = iphoneos;
				SWIFT_OPTIMIZATION_LEVEL = "-Owholemodule";
				TARGETED_DEVICE_FAMILY = "1,2";
				VALIDATE_PRODUCT = YES;
				VERSIONING_SYSTEM = "apple-generic";
				VERSION_INFO_PREFIX = "";
			};
			name = Release;
		};
		229CEE4C1D21910C00D26904 /* Debug */ = {
			isa = XCBuildConfiguration;
			buildSettings = {
				CLANG_ENABLE_MODULES = YES;
				CODE_SIGN_IDENTITY = "-";
				COMBINE_HIDPI_IMAGES = YES;
				DEFINES_MODULE = YES;
				DYLIB_COMPATIBILITY_VERSION = 1;
				DYLIB_CURRENT_VERSION = 1;
				DYLIB_INSTALL_NAME_BASE = "@rpath";
				FRAMEWORK_VERSION = A;
				INFOPLIST_FILE = BattleBotsCocoa/Info.plist;
				INSTALL_PATH = "$(LOCAL_LIBRARY_DIR)/Frameworks";
				LD_RUNPATH_SEARCH_PATHS = "$(inherited) @executable_path/../Frameworks @loader_path/Frameworks";
				MACOSX_DEPLOYMENT_TARGET = 10.11;
				PRODUCT_BUNDLE_IDENTIFIER = com.willowtreeapps.BattleBotsCocoa;
				PRODUCT_NAME = "$(TARGET_NAME)";
				SDKROOT = macosx;
				SKIP_INSTALL = YES;
				SWIFT_OPTIMIZATION_LEVEL = "-Onone";
				SWIFT_VERSION = 3.0;
			};
			name = Debug;
		};
		229CEE4D1D21910C00D26904 /* Release */ = {
			isa = XCBuildConfiguration;
			buildSettings = {
				CLANG_ENABLE_MODULES = YES;
				CODE_SIGN_IDENTITY = "-";
				COMBINE_HIDPI_IMAGES = YES;
				DEFINES_MODULE = YES;
				DYLIB_COMPATIBILITY_VERSION = 1;
				DYLIB_CURRENT_VERSION = 1;
				DYLIB_INSTALL_NAME_BASE = "@rpath";
				FRAMEWORK_VERSION = A;
				INFOPLIST_FILE = BattleBotsCocoa/Info.plist;
				INSTALL_PATH = "$(LOCAL_LIBRARY_DIR)/Frameworks";
				LD_RUNPATH_SEARCH_PATHS = "$(inherited) @executable_path/../Frameworks @loader_path/Frameworks";
				MACOSX_DEPLOYMENT_TARGET = 10.11;
				PRODUCT_BUNDLE_IDENTIFIER = com.willowtreeapps.BattleBotsCocoa;
				PRODUCT_NAME = "$(TARGET_NAME)";
				SDKROOT = macosx;
				SKIP_INSTALL = YES;
				SWIFT_VERSION = 3.0;
			};
			name = Release;
		};
		229CEE4F1D21910C00D26904 /* Debug */ = {
			isa = XCBuildConfiguration;
			buildSettings = {
				CODE_SIGN_IDENTITY = "-";
				COMBINE_HIDPI_IMAGES = YES;
				INFOPLIST_FILE = BattleBotsCocoaTests/Info.plist;
				LD_RUNPATH_SEARCH_PATHS = "$(inherited) @executable_path/../Frameworks @loader_path/../Frameworks";
				MACOSX_DEPLOYMENT_TARGET = 10.11;
				PRODUCT_BUNDLE_IDENTIFIER = com.willowtreeapps.BattleBotsCocoaTests;
				PRODUCT_NAME = "$(TARGET_NAME)";
				SDKROOT = macosx;
				SWIFT_VERSION = 3.0;
			};
			name = Debug;
		};
		229CEE501D21910C00D26904 /* Release */ = {
			isa = XCBuildConfiguration;
			buildSettings = {
				CODE_SIGN_IDENTITY = "-";
				COMBINE_HIDPI_IMAGES = YES;
				INFOPLIST_FILE = BattleBotsCocoaTests/Info.plist;
				LD_RUNPATH_SEARCH_PATHS = "$(inherited) @executable_path/../Frameworks @loader_path/../Frameworks";
				MACOSX_DEPLOYMENT_TARGET = 10.11;
				PRODUCT_BUNDLE_IDENTIFIER = com.willowtreeapps.BattleBotsCocoaTests;
				PRODUCT_NAME = "$(TARGET_NAME)";
				SDKROOT = macosx;
				SWIFT_VERSION = 3.0;
			};
			name = Release;
		};
		229CEE741D21914800D26904 /* Debug */ = {
			isa = XCBuildConfiguration;
			buildSettings = {
				DEFINES_MODULE = YES;
				DYLIB_COMPATIBILITY_VERSION = 1;
				DYLIB_CURRENT_VERSION = 1;
				DYLIB_INSTALL_NAME_BASE = "@rpath";
				INFOPLIST_FILE = BattleBotsCocoaTouch/Info.plist;
				INSTALL_PATH = "$(LOCAL_LIBRARY_DIR)/Frameworks";
				LD_RUNPATH_SEARCH_PATHS = "$(inherited) @executable_path/Frameworks @loader_path/Frameworks";
				PRODUCT_BUNDLE_IDENTIFIER = com.willowtreeapps.BattleBotsCocoaTouch;
				PRODUCT_NAME = "$(TARGET_NAME)";
				SKIP_INSTALL = YES;
				SWIFT_VERSION = 3.0;
			};
			name = Debug;
		};
		229CEE751D21914800D26904 /* Release */ = {
			isa = XCBuildConfiguration;
			buildSettings = {
				DEFINES_MODULE = YES;
				DYLIB_COMPATIBILITY_VERSION = 1;
				DYLIB_CURRENT_VERSION = 1;
				DYLIB_INSTALL_NAME_BASE = "@rpath";
				INFOPLIST_FILE = BattleBotsCocoaTouch/Info.plist;
				INSTALL_PATH = "$(LOCAL_LIBRARY_DIR)/Frameworks";
				LD_RUNPATH_SEARCH_PATHS = "$(inherited) @executable_path/Frameworks @loader_path/Frameworks";
				PRODUCT_BUNDLE_IDENTIFIER = com.willowtreeapps.BattleBotsCocoaTouch;
				PRODUCT_NAME = "$(TARGET_NAME)";
				SKIP_INSTALL = YES;
				SWIFT_VERSION = 3.0;
			};
			name = Release;
		};
		229CEE771D21914800D26904 /* Debug */ = {
			isa = XCBuildConfiguration;
			buildSettings = {
				INFOPLIST_FILE = BattleBotsCocoaTouchTests/Info.plist;
				LD_RUNPATH_SEARCH_PATHS = "$(inherited) @executable_path/Frameworks @loader_path/Frameworks";
				PRODUCT_BUNDLE_IDENTIFIER = com.willowtreeapps.BattleBotsCocoaTouchTests;
				PRODUCT_NAME = "$(TARGET_NAME)";
				SWIFT_VERSION = 3.0;
			};
			name = Debug;
		};
		229CEE781D21914800D26904 /* Release */ = {
			isa = XCBuildConfiguration;
			buildSettings = {
				INFOPLIST_FILE = BattleBotsCocoaTouchTests/Info.plist;
				LD_RUNPATH_SEARCH_PATHS = "$(inherited) @executable_path/Frameworks @loader_path/Frameworks";
				PRODUCT_BUNDLE_IDENTIFIER = com.willowtreeapps.BattleBotsCocoaTouchTests;
				PRODUCT_NAME = "$(TARGET_NAME)";
				SWIFT_VERSION = 3.0;
			};
			name = Release;
		};
/* End XCBuildConfiguration section */

/* Begin XCConfigurationList section */
		229CEDE41D218DF800D26904 /* Build configuration list for PBXProject "BattleBots" */ = {
			isa = XCConfigurationList;
			buildConfigurations = (
				229CEDFC1D218DF900D26904 /* Debug */,
				229CEDFD1D218DF900D26904 /* Release */,
			);
			defaultConfigurationIsVisible = 0;
			defaultConfigurationName = Release;
		};
		229CEE4B1D21910C00D26904 /* Build configuration list for PBXNativeTarget "BattleBotsCocoa" */ = {
			isa = XCConfigurationList;
			buildConfigurations = (
				229CEE4C1D21910C00D26904 /* Debug */,
				229CEE4D1D21910C00D26904 /* Release */,
			);
			defaultConfigurationIsVisible = 0;
			defaultConfigurationName = Release;
		};
		229CEE4E1D21910C00D26904 /* Build configuration list for PBXNativeTarget "BattleBotsCocoaTests" */ = {
			isa = XCConfigurationList;
			buildConfigurations = (
				229CEE4F1D21910C00D26904 /* Debug */,
				229CEE501D21910C00D26904 /* Release */,
			);
			defaultConfigurationIsVisible = 0;
			defaultConfigurationName = Release;
		};
		229CEE731D21914800D26904 /* Build configuration list for PBXNativeTarget "BattleBotsCocoaTouch" */ = {
			isa = XCConfigurationList;
			buildConfigurations = (
				229CEE741D21914800D26904 /* Debug */,
				229CEE751D21914800D26904 /* Release */,
			);
			defaultConfigurationIsVisible = 0;
			defaultConfigurationName = Release;
		};
		229CEE761D21914800D26904 /* Build configuration list for PBXNativeTarget "BattleBotsCocoaTouchTests" */ = {
			isa = XCConfigurationList;
			buildConfigurations = (
				229CEE771D21914800D26904 /* Debug */,
				229CEE781D21914800D26904 /* Release */,
			);
			defaultConfigurationIsVisible = 0;
			defaultConfigurationName = Release;
		};
/* End XCConfigurationList section */
	};
	rootObject = 229CEDE11D218DF800D26904 /* Project object */;
}
